
Microsoft Visual Studio Solution File, Format Version 12.00
# Visual Studio Version 16
VisualStudioVersion = 16.0.29009.5
MinimumVisualStudioVersion = 10.0.40219.1
Project("{FAE04EC0-301F-11D3-BF4B-00C04F79EFBC}") = "ProjectCoffee", "ProjectCoffee\ProjectCoffee.csproj", "{38422BFB-571E-46D9-BD9D-AE0EE20965B2}"
EndProject
Project("{9A19103F-16F7-4668-BE54-9A1E7A4F7556}") = "ProjectCoffeeAPI", "ProjectCoffeAPI\ProjectCoffeeAPI.csproj", "{137C25DA-DAE0-421B-8658-22B69C949140}"
EndProject
Project("{9A19103F-16F7-4668-BE54-9A1E7A4F7556}") = "ProjectCoffeAPI.Tests", "ProjectCoffeAPI.Tests\ProjectCoffeAPI.Tests.csproj", "{DCA89B32-606B-4E59-8BA2-8FCDC3066E20}"
EndProject
Project("{9A19103F-16F7-4668-BE54-9A1E7A4F7556}") = "ProjectCoffeeLambdas", "ProjectCoffeeAuthorizerLambda\ProjectCoffeeLambdas.csproj", "{33D63B87-BEC6-419F-A219-E8182FFF0913}"
EndProject
Global
	GlobalSection(SolutionConfigurationPlatforms) = preSolution
		Debug|Any CPU = Debug|Any CPU
		Release|Any CPU = Release|Any CPU
	EndGlobalSection
	GlobalSection(ProjectConfigurationPlatforms) = postSolution
		{38422BFB-571E-46D9-BD9D-AE0EE20965B2}.Debug|Any CPU.ActiveCfg = Debug|Any CPU
		{38422BFB-571E-46D9-BD9D-AE0EE20965B2}.Debug|Any CPU.Build.0 = Debug|Any CPU
		{38422BFB-571E-46D9-BD9D-AE0EE20965B2}.Release|Any CPU.ActiveCfg = Release|Any CPU
		{38422BFB-571E-46D9-BD9D-AE0EE20965B2}.Release|Any CPU.Build.0 = Release|Any CPU
		{137C25DA-DAE0-421B-8658-22B69C949140}.Debug|Any CPU.ActiveCfg = Debug|Any CPU
		{137C25DA-DAE0-421B-8658-22B69C949140}.Debug|Any CPU.Build.0 = Debug|Any CPU
		{137C25DA-DAE0-421B-8658-22B69C949140}.Release|Any CPU.ActiveCfg = Release|Any CPU
		{137C25DA-DAE0-421B-8658-22B69C949140}.Release|Any CPU.Build.0 = Release|Any CPU
		{DCA89B32-606B-4E59-8BA2-8FCDC3066E20}.Debug|Any CPU.ActiveCfg = Debug|Any CPU
		{DCA89B32-606B-4E59-8BA2-8FCDC3066E20}.Debug|Any CPU.Build.0 = Debug|Any CPU
		{DCA89B32-606B-4E59-8BA2-8FCDC3066E20}.Release|Any CPU.ActiveCfg = Release|Any CPU
		{DCA89B32-606B-4E59-8BA2-8FCDC3066E20}.Release|Any CPU.Build.0 = Release|Any CPU
		{33D63B87-BEC6-419F-A219-E8182FFF0913}.Debug|Any CPU.ActiveCfg = Debug|Any CPU
		{33D63B87-BEC6-419F-A219-E8182FFF0913}.Debug|Any CPU.Build.0 = Debug|Any CPU
		{33D63B87-BEC6-419F-A219-E8182FFF0913}.Release|Any CPU.ActiveCfg = Debug|Any CPU
		{33D63B87-BEC6-419F-A219-E8182FFF0913}.Release|Any CPU.Build.0 = Debug|Any CPU
	EndGlobalSection
	GlobalSection(SolutionProperties) = preSolution
		HideSolutionNode = FALSE
	EndGlobalSection
	GlobalSection(ExtensibilityGlobals) = postSolution
		SolutionGuid = {4F81FB4B-CD1A-4601-BD6E-D886326DF0BB}
	EndGlobalSection
EndGlobal
